// !$*UTF8*$!
{
	archiveVersion = 1;
	classes = {
	};
	objectVersion = 51;
	objects = {

/* Begin PBXBuildFile section */
		1E5125CFCD9C8E61102D60FC /* Pods_Currency_Convert.framework in Frameworks */ = {isa = PBXBuildFile; fileRef = EFA0459F1396078F45679077 /* Pods_Currency_Convert.framework */; };
		F207B74B25B1F98C00E4FF89 /* LoadingIndicatorView.swift in Sources */ = {isa = PBXBuildFile; fileRef = F207B74A25B1F98C00E4FF89 /* LoadingIndicatorView.swift */; };
		F256232325B1A9350052319B /* AppDelegate.swift in Sources */ = {isa = PBXBuildFile; fileRef = F256232225B1A9350052319B /* AppDelegate.swift */; };
		F256232725B1A9350052319B /* CurrenciesViewController.swift in Sources */ = {isa = PBXBuildFile; fileRef = F256232625B1A9350052319B /* CurrenciesViewController.swift */; };
		F256232A25B1A9350052319B /* Currencies.storyboard in Resources */ = {isa = PBXBuildFile; fileRef = F256232825B1A9350052319B /* Currencies.storyboard */; };
		F256232C25B1A93F0052319B /* Assets.xcassets in Resources */ = {isa = PBXBuildFile; fileRef = F256232B25B1A93F0052319B /* Assets.xcassets */; };
		F256232F25B1A93F0052319B /* LaunchScreen.storyboard in Resources */ = {isa = PBXBuildFile; fileRef = F256232D25B1A93F0052319B /* LaunchScreen.storyboard */; };
		F256234825B1AE790052319B /* CurrenciesResponseModel.swift in Sources */ = {isa = PBXBuildFile; fileRef = F256234725B1AE790052319B /* CurrenciesResponseModel.swift */; };
		F256234B25B1AF800052319B /* CurrencyResponseModel.swift in Sources */ = {isa = PBXBuildFile; fileRef = F256234A25B1AF800052319B /* CurrencyResponseModel.swift */; };
		F256235525B1B0380052319B /* CurrenciesInteractor.swift in Sources */ = {isa = PBXBuildFile; fileRef = F256235125B1B0380052319B /* CurrenciesInteractor.swift */; };
		F256235625B1B0380052319B /* CurrenciesPresenter.swift in Sources */ = {isa = PBXBuildFile; fileRef = F256235225B1B0380052319B /* CurrenciesPresenter.swift */; };
		F256235725B1B0380052319B /* CurrenciesProtocol.swift in Sources */ = {isa = PBXBuildFile; fileRef = F256235325B1B0380052319B /* CurrenciesProtocol.swift */; };
		F256235825B1B0380052319B /* CurrenciesRouter.swift in Sources */ = {isa = PBXBuildFile; fileRef = F256235425B1B0380052319B /* CurrenciesRouter.swift */; };
		F256235C25B1B04E0052319B /* CurrencyRateCell.swift in Sources */ = {isa = PBXBuildFile; fileRef = F256235B25B1B04E0052319B /* CurrencyRateCell.swift */; };
		F256236A25B1B7670052319B /* CurrenciesWorker.swift in Sources */ = {isa = PBXBuildFile; fileRef = F256236925B1B7670052319B /* CurrenciesWorker.swift */; };
		F256237125B1B8090052319B /* Constants.swift in Sources */ = {isa = PBXBuildFile; fileRef = F256236E25B1B8090052319B /* Constants.swift */; };
		F256237225B1B8090052319B /* CurrencyRouter.swift in Sources */ = {isa = PBXBuildFile; fileRef = F256236F25B1B8090052319B /* CurrencyRouter.swift */; };
		F256237325B1B8090052319B /* NetworkLayer.swift in Sources */ = {isa = PBXBuildFile; fileRef = F256237025B1B8090052319B /* NetworkLayer.swift */; };
/* End PBXBuildFile section */

/* Begin PBXFileReference section */
		0FBF648F9A3BF8CC91C46765 /* Pods-Currency Convert.release.xcconfig */ = {isa = PBXFileReference; includeInIndex = 1; lastKnownFileType = text.xcconfig; name = "Pods-Currency Convert.release.xcconfig"; path = "Target Support Files/Pods-Currency Convert/Pods-Currency Convert.release.xcconfig"; sourceTree = "<group>"; };
		15AFA484BEA5E2BFE1715D8A /* Pods-Currency Convert.debug.xcconfig */ = {isa = PBXFileReference; includeInIndex = 1; lastKnownFileType = text.xcconfig; name = "Pods-Currency Convert.debug.xcconfig"; path = "Target Support Files/Pods-Currency Convert/Pods-Currency Convert.debug.xcconfig"; sourceTree = "<group>"; };
		EFA0459F1396078F45679077 /* Pods_Currency_Convert.framework */ = {isa = PBXFileReference; explicitFileType = wrapper.framework; includeInIndex = 0; path = Pods_Currency_Convert.framework; sourceTree = BUILT_PRODUCTS_DIR; };
		F207B74A25B1F98C00E4FF89 /* LoadingIndicatorView.swift */ = {isa = PBXFileReference; lastKnownFileType = sourcecode.swift; path = LoadingIndicatorView.swift; sourceTree = "<group>"; };
		F256231F25B1A9350052319B /* Currency Convert.app */ = {isa = PBXFileReference; explicitFileType = wrapper.application; includeInIndex = 0; path = "Currency Convert.app"; sourceTree = BUILT_PRODUCTS_DIR; };
		F256232225B1A9350052319B /* AppDelegate.swift */ = {isa = PBXFileReference; lastKnownFileType = sourcecode.swift; path = AppDelegate.swift; sourceTree = "<group>"; };
		F256232625B1A9350052319B /* CurrenciesViewController.swift */ = {isa = PBXFileReference; lastKnownFileType = sourcecode.swift; path = CurrenciesViewController.swift; sourceTree = "<group>"; };
		F256232925B1A9350052319B /* Base */ = {isa = PBXFileReference; lastKnownFileType = file.storyboard; name = Base; path = Base.lproj/Currencies.storyboard; sourceTree = "<group>"; };
		F256232B25B1A93F0052319B /* Assets.xcassets */ = {isa = PBXFileReference; lastKnownFileType = folder.assetcatalog; path = Assets.xcassets; sourceTree = "<group>"; };
		F256232E25B1A93F0052319B /* Base */ = {isa = PBXFileReference; lastKnownFileType = file.storyboard; name = Base; path = Base.lproj/LaunchScreen.storyboard; sourceTree = "<group>"; };
		F256233025B1A93F0052319B /* Info.plist */ = {isa = PBXFileReference; lastKnownFileType = text.plist.xml; path = Info.plist; sourceTree = "<group>"; };
		F256234725B1AE790052319B /* CurrenciesResponseModel.swift */ = {isa = PBXFileReference; fileEncoding = 4; lastKnownFileType = sourcecode.swift; path = CurrenciesResponseModel.swift; sourceTree = "<group>"; };
		F256234A25B1AF800052319B /* CurrencyResponseModel.swift */ = {isa = PBXFileReference; lastKnownFileType = sourcecode.swift; path = CurrencyResponseModel.swift; sourceTree = "<group>"; };
		F256235125B1B0380052319B /* CurrenciesInteractor.swift */ = {isa = PBXFileReference; fileEncoding = 4; lastKnownFileType = sourcecode.swift; path = CurrenciesInteractor.swift; sourceTree = "<group>"; };
		F256235225B1B0380052319B /* CurrenciesPresenter.swift */ = {isa = PBXFileReference; fileEncoding = 4; lastKnownFileType = sourcecode.swift; path = CurrenciesPresenter.swift; sourceTree = "<group>"; };
		F256235325B1B0380052319B /* CurrenciesProtocol.swift */ = {isa = PBXFileReference; fileEncoding = 4; lastKnownFileType = sourcecode.swift; path = CurrenciesProtocol.swift; sourceTree = "<group>"; };
		F256235425B1B0380052319B /* CurrenciesRouter.swift */ = {isa = PBXFileReference; fileEncoding = 4; lastKnownFileType = sourcecode.swift; path = CurrenciesRouter.swift; sourceTree = "<group>"; };
		F256235B25B1B04E0052319B /* CurrencyRateCell.swift */ = {isa = PBXFileReference; fileEncoding = 4; lastKnownFileType = sourcecode.swift; path = CurrencyRateCell.swift; sourceTree = "<group>"; };
		F256236925B1B7670052319B /* CurrenciesWorker.swift */ = {isa = PBXFileReference; fileEncoding = 4; lastKnownFileType = sourcecode.swift; path = CurrenciesWorker.swift; sourceTree = "<group>"; };
		F256236E25B1B8090052319B /* Constants.swift */ = {isa = PBXFileReference; fileEncoding = 4; lastKnownFileType = sourcecode.swift; path = Constants.swift; sourceTree = "<group>"; };
		F256236F25B1B8090052319B /* CurrencyRouter.swift */ = {isa = PBXFileReference; fileEncoding = 4; lastKnownFileType = sourcecode.swift; path = CurrencyRouter.swift; sourceTree = "<group>"; };
		F256237025B1B8090052319B /* NetworkLayer.swift */ = {isa = PBXFileReference; fileEncoding = 4; lastKnownFileType = sourcecode.swift; path = NetworkLayer.swift; sourceTree = "<group>"; };
/* End PBXFileReference section */

/* Begin PBXFrameworksBuildPhase section */
		F256231C25B1A9340052319B /* Frameworks */ = {
			isa = PBXFrameworksBuildPhase;
			buildActionMask = 2147483647;
			files = (
				1E5125CFCD9C8E61102D60FC /* Pods_Currency_Convert.framework in Frameworks */,
			);
			runOnlyForDeploymentPostprocessing = 0;
		};
/* End PBXFrameworksBuildPhase section */

/* Begin PBXGroup section */
		7E0A838020CEB4346F272E6E /* Pods */ = {
			isa = PBXGroup;
			children = (
				15AFA484BEA5E2BFE1715D8A /* Pods-Currency Convert.debug.xcconfig */,
				0FBF648F9A3BF8CC91C46765 /* Pods-Currency Convert.release.xcconfig */,
			);
			path = Pods;
			sourceTree = "<group>";
		};
		D75AB25FC28F29A83F029C47 /* Frameworks */ = {
			isa = PBXGroup;
			children = (
				EFA0459F1396078F45679077 /* Pods_Currency_Convert.framework */,
			);
			name = Frameworks;
			sourceTree = "<group>";
		};
		F256231625B1A9340052319B = {
			isa = PBXGroup;
			children = (
				F256232125B1A9350052319B /* Currency Convert */,
				F256232025B1A9350052319B /* Products */,
				7E0A838020CEB4346F272E6E /* Pods */,
				D75AB25FC28F29A83F029C47 /* Frameworks */,
			);
			sourceTree = "<group>";
		};
		F256232025B1A9350052319B /* Products */ = {
			isa = PBXGroup;
			children = (
				F256231F25B1A9350052319B /* Currency Convert.app */,
			);
			name = Products;
			sourceTree = "<group>";
		};
		F256232125B1A9350052319B /* Currency Convert */ = {
			isa = PBXGroup;
			children = (
				F256234625B1AE5F0052319B /* Model */,
				F256234F25B1AFEC0052319B /* Scence */,
				F256236525B1B6C00052319B /* Core */,
				F256236725B1B6E80052319B /* Configuration */,
				F256236825B1B71C0052319B /* Workers */,
				F256236C25B1B7BA0052319B /* Resources */,
				F256236D25B1B7FB0052319B /* NetworkLayer */,
			);
			path = "Currency Convert";
			sourceTree = "<group>";
		};
		F256234625B1AE5F0052319B /* Model */ = {
			isa = PBXGroup;
			children = (
				F256234725B1AE790052319B /* CurrenciesResponseModel.swift */,
				F256234A25B1AF800052319B /* CurrencyResponseModel.swift */,
			);
			path = Model;
			sourceTree = "<group>";
		};
		F256234F25B1AFEC0052319B /* Scence */ = {
			isa = PBXGroup;
			children = (
				F256235025B1AFF90052319B /* Currencies */,
			);
			path = Scence;
			sourceTree = "<group>";
		};
		F256235025B1AFF90052319B /* Currencies */ = {
			isa = PBXGroup;
			children = (
				F256232625B1A9350052319B /* CurrenciesViewController.swift */,
				F256235225B1B0380052319B /* CurrenciesPresenter.swift */,
				F256235125B1B0380052319B /* CurrenciesInteractor.swift */,
				F256235425B1B0380052319B /* CurrenciesRouter.swift */,
				F256235325B1B0380052319B /* CurrenciesProtocol.swift */,
				F256235A25B1B0460052319B /* TableViewCells */,
				F256232825B1A9350052319B /* Currencies.storyboard */,
			);
			path = Currencies;
			sourceTree = "<group>";
		};
		F256235A25B1B0460052319B /* TableViewCells */ = {
			isa = PBXGroup;
			children = (
				F256235B25B1B04E0052319B /* CurrencyRateCell.swift */,
			);
			path = TableViewCells;
			sourceTree = "<group>";
		};
		F256236525B1B6C00052319B /* Core */ = {
			isa = PBXGroup;
			children = (
				F256232225B1A9350052319B /* AppDelegate.swift */,
			);
			path = Core;
			sourceTree = "<group>";
		};
		F256236725B1B6E80052319B /* Configuration */ = {
			isa = PBXGroup;
			children = (
				F256233025B1A93F0052319B /* Info.plist */,
			);
			path = Configuration;
			sourceTree = "<group>";
		};
		F256236825B1B71C0052319B /* Workers */ = {
			isa = PBXGroup;
			children = (
				F256236925B1B7670052319B /* CurrenciesWorker.swift */,
			);
			path = Workers;
			sourceTree = "<group>";
		};
		F256236C25B1B7BA0052319B /* Resources */ = {
			isa = PBXGroup;
			children = (
				F256232B25B1A93F0052319B /* Assets.xcassets */,
				F256232D25B1A93F0052319B /* LaunchScreen.storyboard */,
			);
			path = Resources;
			sourceTree = "<group>";
		};
		F256236D25B1B7FB0052319B /* NetworkLayer */ = {
			isa = PBXGroup;
			children = (
				F256236E25B1B8090052319B /* Constants.swift */,
				F256237025B1B8090052319B /* NetworkLayer.swift */,
				F256236F25B1B8090052319B /* CurrencyRouter.swift */,
				F207B74A25B1F98C00E4FF89 /* LoadingIndicatorView.swift */,
			);
			path = NetworkLayer;
			sourceTree = "<group>";
		};
/* End PBXGroup section */

/* Begin PBXNativeTarget section */
		F256231E25B1A9340052319B /* Currency Convert */ = {
			isa = PBXNativeTarget;
			buildConfigurationList = F256233325B1A93F0052319B /* Build configuration list for PBXNativeTarget "Currency Convert" */;
			buildPhases = (
				EE7EB6B5A2ABBC4B37C3EA87 /* [CP] Check Pods Manifest.lock */,
				F256231B25B1A9340052319B /* Sources */,
				F256231C25B1A9340052319B /* Frameworks */,
				F256231D25B1A9340052319B /* Resources */,
				96CDEDFC399B25D56EDAD78B /* [CP] Embed Pods Frameworks */,
			);
			buildRules = (
			);
			dependencies = (
			);
			name = "Currency Convert";
			productName = "Currency Convert";
			productReference = F256231F25B1A9350052319B /* Currency Convert.app */;
			productType = "com.apple.product-type.application";
		};
/* End PBXNativeTarget section */

/* Begin PBXProject section */
		F256231725B1A9340052319B /* Project object */ = {
			isa = PBXProject;
			attributes = {
				LastSwiftUpdateCheck = 1230;
				LastUpgradeCheck = 1230;
				TargetAttributes = {
					F256231E25B1A9340052319B = {
						CreatedOnToolsVersion = 12.3;
					};
				};
			};
			buildConfigurationList = F256231A25B1A9340052319B /* Build configuration list for PBXProject "Currency Convert" */;
			compatibilityVersion = "Xcode 9.3";
			developmentRegion = en;
			hasScannedForEncodings = 0;
			knownRegions = (
				en,
				Base,
			);
			mainGroup = F256231625B1A9340052319B;
			productRefGroup = F256232025B1A9350052319B /* Products */;
			projectDirPath = "";
			projectRoot = "";
			targets = (
				F256231E25B1A9340052319B /* Currency Convert */,
			);
		};
/* End PBXProject section */

/* Begin PBXResourcesBuildPhase section */
		F256231D25B1A9340052319B /* Resources */ = {
			isa = PBXResourcesBuildPhase;
			buildActionMask = 2147483647;
			files = (
				F256232F25B1A93F0052319B /* LaunchScreen.storyboard in Resources */,
				F256232C25B1A93F0052319B /* Assets.xcassets in Resources */,
				F256232A25B1A9350052319B /* Currencies.storyboard in Resources */,
			);
			runOnlyForDeploymentPostprocessing = 0;
		};
/* End PBXResourcesBuildPhase section */

/* Begin PBXShellScriptBuildPhase section */
		96CDEDFC399B25D56EDAD78B /* [CP] Embed Pods Frameworks */ = {
			isa = PBXShellScriptBuildPhase;
			buildActionMask = 2147483647;
			files = (
			);
			inputFileListPaths = (
				"${PODS_ROOT}/Target Support Files/Pods-Currency Convert/Pods-Currency Convert-frameworks-${CONFIGURATION}-input-files.xcfilelist",
			);
			name = "[CP] Embed Pods Frameworks";
			outputFileListPaths = (
				"${PODS_ROOT}/Target Support Files/Pods-Currency Convert/Pods-Currency Convert-frameworks-${CONFIGURATION}-output-files.xcfilelist",
			);
			runOnlyForDeploymentPostprocessing = 0;
			shellPath = /bin/sh;
			shellScript = "\"${PODS_ROOT}/Target Support Files/Pods-Currency Convert/Pods-Currency Convert-frameworks.sh\"\n";
			showEnvVarsInLog = 0;
		};
		EE7EB6B5A2ABBC4B37C3EA87 /* [CP] Check Pods Manifest.lock */ = {
			isa = PBXShellScriptBuildPhase;
			buildActionMask = 2147483647;
			files = (
			);
			inputFileListPaths = (
			);
			inputPaths = (
				"${PODS_PODFILE_DIR_PATH}/Podfile.lock",
				"${PODS_ROOT}/Manifest.lock",
			);
			name = "[CP] Check Pods Manifest.lock";
			outputFileListPaths = (
			);
			outputPaths = (
				"$(DERIVED_FILE_DIR)/Pods-Currency Convert-checkManifestLockResult.txt",
			);
			runOnlyForDeploymentPostprocessing = 0;
			shellPath = /bin/sh;
			shellScript = "diff \"${PODS_PODFILE_DIR_PATH}/Podfile.lock\" \"${PODS_ROOT}/Manifest.lock\" > /dev/null\nif [ $? != 0 ] ; then\n    # print error to STDERR\n    echo \"error: The sandbox is not in sync with the Podfile.lock. Run 'pod install' or update your CocoaPods installation.\" >&2\n    exit 1\nfi\n# This output is used by Xcode 'outputs' to avoid re-running this script phase.\necho \"SUCCESS\" > \"${SCRIPT_OUTPUT_FILE_0}\"\n";
			showEnvVarsInLog = 0;
		};
/* End PBXShellScriptBuildPhase section */

/* Begin PBXSourcesBuildPhase section */
		F256231B25B1A9340052319B /* Sources */ = {
			isa = PBXSourcesBuildPhase;
			buildActionMask = 2147483647;
			files = (
				F256236A25B1B7670052319B /* CurrenciesWorker.swift in Sources */,
				F256237125B1B8090052319B /* Constants.swift in Sources */,
				F256234825B1AE790052319B /* CurrenciesResponseModel.swift in Sources */,
				F256237325B1B8090052319B /* NetworkLayer.swift in Sources */,
				F256235525B1B0380052319B /* CurrenciesInteractor.swift in Sources */,
				F256235725B1B0380052319B /* CurrenciesProtocol.swift in Sources */,
				F256234B25B1AF800052319B /* CurrencyResponseModel.swift in Sources */,
				F256235825B1B0380052319B /* CurrenciesRouter.swift in Sources */,
				F256237225B1B8090052319B /* CurrencyRouter.swift in Sources */,
				F256232725B1A9350052319B /* CurrenciesViewController.swift in Sources */,
				F256235625B1B0380052319B /* CurrenciesPresenter.swift in Sources */,
				F207B74B25B1F98C00E4FF89 /* LoadingIndicatorView.swift in Sources */,
				F256232325B1A9350052319B /* AppDelegate.swift in Sources */,
				F256235C25B1B04E0052319B /* CurrencyRateCell.swift in Sources */,
			);
			runOnlyForDeploymentPostprocessing = 0;
		};
/* End PBXSourcesBuildPhase section */

/* Begin PBXVariantGroup section */
		F256232825B1A9350052319B /* Currencies.storyboard */ = {
			isa = PBXVariantGroup;
			children = (
				F256232925B1A9350052319B /* Base */,
			);
			name = Currencies.storyboard;
			sourceTree = "<group>";
		};
		F256232D25B1A93F0052319B /* LaunchScreen.storyboard */ = {
			isa = PBXVariantGroup;
			children = (
				F256232E25B1A93F0052319B /* Base */,
			);
			name = LaunchScreen.storyboard;
			sourceTree = "<group>";
		};
/* End PBXVariantGroup section */

/* Begin XCBuildConfiguration section */
		F256233125B1A93F0052319B /* Debug */ = {
			isa = XCBuildConfiguration;
			buildSettings = {
				ALWAYS_SEARCH_USER_PATHS = NO;
				CLANG_ANALYZER_NONNULL = YES;
				CLANG_ANALYZER_NUMBER_OBJECT_CONVERSION = YES_AGGRESSIVE;
				CLANG_CXX_LANGUAGE_STANDARD = "gnu++14";
				CLANG_CXX_LIBRARY = "libc++";
				CLANG_ENABLE_MODULES = YES;
				CLANG_ENABLE_OBJC_ARC = YES;
				CLANG_ENABLE_OBJC_WEAK = YES;
				CLANG_WARN_BLOCK_CAPTURE_AUTORELEASING = YES;
				CLANG_WARN_BOOL_CONVERSION = YES;
				CLANG_WARN_COMMA = YES;
				CLANG_WARN_CONSTANT_CONVERSION = YES;
				CLANG_WARN_DEPRECATED_OBJC_IMPLEMENTATIONS = YES;
				CLANG_WARN_DIRECT_OBJC_ISA_USAGE = YES_ERROR;
				CLANG_WARN_DOCUMENTATION_COMMENTS = YES;
				CLANG_WARN_EMPTY_BODY = YES;
				CLANG_WARN_ENUM_CONVERSION = YES;
				CLANG_WARN_INFINITE_RECURSION = YES;
				CLANG_WARN_INT_CONVERSION = YES;
				CLANG_WARN_NON_LITERAL_NULL_CONVERSION = YES;
				CLANG_WARN_OBJC_IMPLICIT_RETAIN_SELF = YES;
				CLANG_WARN_OBJC_LITERAL_CONVERSION = YES;
				CLANG_WARN_OBJC_ROOT_CLASS = YES_ERROR;
				CLANG_WARN_QUOTED_INCLUDE_IN_FRAMEWORK_HEADER = YES;
				CLANG_WARN_RANGE_LOOP_ANALYSIS = YES;
				CLANG_WARN_STRICT_PROTOTYPES = YES;
				CLANG_WARN_SUSPICIOUS_MOVE = YES;
				CLANG_WARN_UNGUARDED_AVAILABILITY = YES_AGGRESSIVE;
				CLANG_WARN_UNREACHABLE_CODE = YES;
				CLANG_WARN__DUPLICATE_METHOD_MATCH = YES;
				COPY_PHASE_STRIP = NO;
				DEBUG_INFORMATION_FORMAT = dwarf;
				ENABLE_STRICT_OBJC_MSGSEND = YES;
				ENABLE_TESTABILITY = YES;
				GCC_C_LANGUAGE_STANDARD = gnu11;
				GCC_DYNAMIC_NO_PIC = NO;
				GCC_NO_COMMON_BLOCKS = YES;
				GCC_OPTIMIZATION_LEVEL = 0;
				GCC_PREPROCESSOR_DEFINITIONS = (
					"DEBUG=1",
					"$(inherited)",
				);
				GCC_WARN_64_TO_32_BIT_CONVERSION = YES;
				GCC_WARN_ABOUT_RETURN_TYPE = YES_ERROR;
				GCC_WARN_UNDECLARED_SELECTOR = YES;
				GCC_WARN_UNINITIALIZED_AUTOS = YES_AGGRESSIVE;
				GCC_WARN_UNUSED_FUNCTION = YES;
				GCC_WARN_UNUSED_VARIABLE = YES;
				IPHONEOS_DEPLOYMENT_TARGET = 13.0;
				MTL_ENABLE_DEBUG_INFO = INCLUDE_SOURCE;
				MTL_FAST_MATH = YES;
				ONLY_ACTIVE_ARCH = YES;
				SDKROOT = iphoneos;
				SWIFT_ACTIVE_COMPILATION_CONDITIONS = DEBUG;
				SWIFT_OPTIMIZATION_LEVEL = "-Onone";
			};
			name = Debug;
		};
		F256233225B1A93F0052319B /* Release */ = {
			isa = XCBuildConfiguration;
			buildSettings = {
				ALWAYS_SEARCH_USER_PATHS = NO;
				CLANG_ANALYZER_NONNULL = YES;
				CLANG_ANALYZER_NUMBER_OBJECT_CONVERSION = YES_AGGRESSIVE;
				CLANG_CXX_LANGUAGE_STANDARD = "gnu++14";
				CLANG_CXX_LIBRARY = "libc++";
				CLANG_ENABLE_MODULES = YES;
				CLANG_ENABLE_OBJC_ARC = YES;
				CLANG_ENABLE_OBJC_WEAK = YES;
				CLANG_WARN_BLOCK_CAPTURE_AUTORELEASING = YES;
				CLANG_WARN_BOOL_CONVERSION = YES;
				CLANG_WARN_COMMA = YES;
				CLANG_WARN_CONSTANT_CONVERSION = YES;
				CLANG_WARN_DEPRECATED_OBJC_IMPLEMENTATIONS = YES;
				CLANG_WARN_DIRECT_OBJC_ISA_USAGE = YES_ERROR;
				CLANG_WARN_DOCUMENTATION_COMMENTS = YES;
				CLANG_WARN_EMPTY_BODY = YES;
				CLANG_WARN_ENUM_CONVERSION = YES;
				CLANG_WARN_INFINITE_RECURSION = YES;
				CLANG_WARN_INT_CONVERSION = YES;
				CLANG_WARN_NON_LITERAL_NULL_CONVERSION = YES;
				CLANG_WARN_OBJC_IMPLICIT_RETAIN_SELF = YES;
				CLANG_WARN_OBJC_LITERAL_CONVERSION = YES;
				CLANG_WARN_OBJC_ROOT_CLASS = YES_ERROR;
				CLANG_WARN_QUOTED_INCLUDE_IN_FRAMEWORK_HEADER = YES;
				CLANG_WARN_RANGE_LOOP_ANALYSIS = YES;
				CLANG_WARN_STRICT_PROTOTYPES = YES;
				CLANG_WARN_SUSPICIOUS_MOVE = YES;
				CLANG_WARN_UNGUARDED_AVAILABILITY = YES_AGGRESSIVE;
				CLANG_WARN_UNREACHABLE_CODE = YES;
				CLANG_WARN__DUPLICATE_METHOD_MATCH = YES;
				COPY_PHASE_STRIP = NO;
				DEBUG_INFORMATION_FORMAT = "dwarf-with-dsym";
				ENABLE_NS_ASSERTIONS = NO;
				ENABLE_STRICT_OBJC_MSGSEND = YES;
				GCC_C_LANGUAGE_STANDARD = gnu11;
				GCC_NO_COMMON_BLOCKS = YES;
				GCC_WARN_64_TO_32_BIT_CONVERSION = YES;
				GCC_WARN_ABOUT_RETURN_TYPE = YES_ERROR;
				GCC_WARN_UNDECLARED_SELECTOR = YES;
				GCC_WARN_UNINITIALIZED_AUTOS = YES_AGGRESSIVE;
				GCC_WARN_UNUSED_FUNCTION = YES;
				GCC_WARN_UNUSED_VARIABLE = YES;
				IPHONEOS_DEPLOYMENT_TARGET = 13.0;
				MTL_ENABLE_DEBUG_INFO = NO;
				MTL_FAST_MATH = YES;
				SDKROOT = iphoneos;
				SWIFT_COMPILATION_MODE = wholemodule;
				SWIFT_OPTIMIZATION_LEVEL = "-O";
				VALIDATE_PRODUCT = YES;
			};
			name = Release;
		};
		F256233425B1A93F0052319B /* Debug */ = {
			isa = XCBuildConfiguration;
			baseConfigurationReference = 15AFA484BEA5E2BFE1715D8A /* Pods-Currency Convert.debug.xcconfig */;
			buildSettings = {
				ASSETCATALOG_COMPILER_APPICON_NAME = AppIcon;
				ASSETCATALOG_COMPILER_GLOBAL_ACCENT_COLOR_NAME = "";
				CODE_SIGN_STYLE = Automatic;
				DEVELOPMENT_TEAM = TMYUM4UE8H;
				INFOPLIST_FILE = "Currency Convert/Configuration/Info.plist";
				LD_RUNPATH_SEARCH_PATHS = (
					"$(inherited)",
					"@executable_path/Frameworks",
				);
				PRODUCT_BUNDLE_IDENTIFIER = me.mahmoudshurrab.currencyconvert;
				PRODUCT_NAME = "$(TARGET_NAME)";
				SWIFT_VERSION = 5.0;
				TARGETED_DEVICE_FAMILY = "1,2";
			};
			name = Debug;
		};
		F256233525B1A93F0052319B /* Release */ = {
			isa = XCBuildConfiguration;
			baseConfigurationReference = 0FBF648F9A3BF8CC91C46765 /* Pods-Currency Convert.release.xcconfig */;
			buildSettings = {
				ASSETCATALOG_COMPILER_APPICON_NAME = AppIcon;
				ASSETCATALOG_COMPILER_GLOBAL_ACCENT_COLOR_NAME = "";
				CODE_SIGN_STYLE = Automatic;
				DEVELOPMENT_TEAM = TMYUM4UE8H;
				INFOPLIST_FILE = "Currency Convert/Configuration/Info.plist";
				LD_RUNPATH_SEARCH_PATHS = (
					"$(inherited)",
					"@executable_path/Frameworks",
				);
				PRODUCT_BUNDLE_IDENTIFIER = me.mahmoudshurrab.currencyconvert;
				PRODUCT_NAME = "$(TARGET_NAME)";
				SWIFT_VERSION = 5.0;
				TARGETED_DEVICE_FAMILY = "1,2";
			};
			name = Release;
		};
/* End XCBuildConfiguration section */

/* Begin XCConfigurationList section */
		F256231A25B1A9340052319B /* Build configuration list for PBXProject "Currency Convert" */ = {
			isa = XCConfigurationList;
			buildConfigurations = (
				F256233125B1A93F0052319B /* Debug */,
				F256233225B1A93F0052319B /* Release */,
			);
			defaultConfigurationIsVisible = 0;
			defaultConfigurationName = Release;
		};
		F256233325B1A93F0052319B /* Build configuration list for PBXNativeTarget "Currency Convert" */ = {
			isa = XCConfigurationList;
			buildConfigurations = (
				F256233425B1A93F0052319B /* Debug */,
				F256233525B1A93F0052319B /* Release */,
			);
			defaultConfigurationIsVisible = 0;
			defaultConfigurationName = Release;
		};
/* End XCConfigurationList section */
	};
	rootObject = F256231725B1A9340052319B /* Project object */;
}
